# ray.lock — locked versions and hashes of the dependencies (generated by 'ray').
# Committed to the repository. Do not edit by hand.

[net]
url = "https://github.com/ray-language/net"
ref = "v0.3.3"
commit = "9366b9e9d54606290a263195e31153a8f3e70474"
hash = "sha256:e8be6fc61fba0cbdada2f2272d64aa88b34e7d69478e0e04cc4ab4458a96e1ff"
