# ray.lock — locked versions and hashes of the dependencies (generated by 'ray').
# Committed to the repository. Do not edit by hand.

[net]
url = "https://github.com/ray-language/net"
ref = "v0.3.2"
commit = "5b15a1b8f8a293605d09c7aa89b63185847b2e06"
hash = "sha256:b44aea5cf4fba11abb7f55d16dbb7705c9ec8dff9ba2e0aed12de840bb6ae478"
