# ray.lock — locked versions and hashes of the dependencies (generated by 'ray').
# Committed to the repository. Do not edit by hand.

[net]
url = "https://github.com/ray-language/net"
ref = "v0.3.1"
commit = "64b3bbc94c0e9ea47709ef22716fc00e89e725dc"
hash = "sha256:fbb29ca3dda6295c7eb6eeb13e37630174d17b87600b9d489d4d7bcfcbf6889e"
